
Microsoft Visual Studio Solution File, Format Version 12.00
# Visual Studio Version 17
VisualStudioVersion = 17.10.35013.160
MinimumVisualStudioVersion = 10.0.40219.1
Project("{FAE04EC0-301F-11D3-BF4B-00C04F79EFBC}") = "Буквы", "Буквы\Буквы.csproj", "{9CDACE9B-7F57-411A-965B-CECFD8884382}"
EndProject
Global
	GlobalSection(SolutionConfigurationPlatforms) = preSolution
		Debug|Any CPU = Debug|Any CPU
		Release|Any CPU = Release|Any CPU
	EndGlobalSection
	GlobalSection(ProjectConfigurationPlatforms) = postSolution
		{9CDACE9B-7F57-411A-965B-CECFD8884382}.Debug|Any CPU.ActiveCfg = Debug|Any CPU
		{9CDACE9B-7F57-411A-965B-CECFD8884382}.Debug|Any CPU.Build.0 = Debug|Any CPU
		{9CDACE9B-7F57-411A-965B-CECFD8884382}.Release|Any CPU.ActiveCfg = Release|Any CPU
		{9CDACE9B-7F57-411A-965B-CECFD8884382}.Release|Any CPU.Build.0 = Release|Any CPU
	EndGlobalSection
	GlobalSection(SolutionProperties) = preSolution
		HideSolutionNode = FALSE
	EndGlobalSection
	GlobalSection(ExtensibilityGlobals) = postSolution
		SolutionGuid = {6DB53AC5-9677-4C83-8F4F-66F37159A87F}
	EndGlobalSection
EndGlobal
